[root]
name = "charon"
version = "0.1.0"
dependencies = [
 "charon_driver 0.1.0",
 "syntax 0.1.0",
 "trans 0.1.0",
]

[[package]]
name = "advapi32-sys"
version = "0.1.2"
source = "registry+https://github.com/rust-lang/crates.io-index"
dependencies = [
 "winapi 0.2.3 (registry+https://github.com/rust-lang/crates.io-index)",
 "winapi-build 0.1.1 (registry+https://github.com/rust-lang/crates.io-index)",
]

[[package]]
name = "bitflags"
version = "0.3.2"
source = "registry+https://github.com/rust-lang/crates.io-index"

[[package]]
name = "charon_driver"
version = "0.1.0"
dependencies = [
 "syntax 0.1.0",
 "trans 0.1.0",
]

[[package]]
name = "gcc"
version = "0.3.13"
source = "registry+https://github.com/rust-lang/crates.io-index"
dependencies = [
 "advapi32-sys 0.1.2 (registry+https://github.com/rust-lang/crates.io-index)",
 "winapi 0.2.3 (registry+https://github.com/rust-lang/crates.io-index)",
]

[[package]]
name = "itertools"
version = "0.4.16"
source = "registry+https://github.com/rust-lang/crates.io-index"

[[package]]
name = "libc"
version = "0.1.10"
source = "registry+https://github.com/rust-lang/crates.io-index"

[[package]]
name = "llvm-sys"
version = "0.2.1"
source = "registry+https://github.com/rust-lang/crates.io-index"
dependencies = [
 "bitflags 0.3.2 (registry+https://github.com/rust-lang/crates.io-index)",
 "gcc 0.3.13 (registry+https://github.com/rust-lang/crates.io-index)",
 "libc 0.1.10 (registry+https://github.com/rust-lang/crates.io-index)",
 "semver 0.1.20 (registry+https://github.com/rust-lang/crates.io-index)",
]

[[package]]
name = "semver"
version = "0.1.20"
source = "registry+https://github.com/rust-lang/crates.io-index"

[[package]]
name = "syntax"
version = "0.1.0"
dependencies = [
 "itertools 0.4.16 (registry+https://github.com/rust-lang/crates.io-index)",
]

[[package]]
name = "trans"
version = "0.1.0"
dependencies = [
 "llvm-sys 0.2.1 (registry+https://github.com/rust-lang/crates.io-index)",
 "syntax 0.1.0",
]

[[package]]
name = "winapi"
version = "0.2.3"
source = "registry+https://github.com/rust-lang/crates.io-index"

[[package]]
name = "winapi-build"
version = "0.1.1"
source = "registry+https://github.com/rust-lang/crates.io-index"

[metadata]
"checksum advapi32-sys 0.1.2 (registry+https://github.com/rust-lang/crates.io-index)" = "307c92332867e586720c0222ee9d890bbe8431711efed8a1b06bc5b40fc66bd7"
"checksum bitflags 0.3.2 (registry+https://github.com/rust-lang/crates.io-index)" = "65fee84cb17ca0b1f86b3870caad42a966b58366caed5a1651c6eb7f415ac545"
"checksum gcc 0.3.13 (registry+https://github.com/rust-lang/crates.io-index)" = "c817753e9a6ff928e71f62f5eb73478b1809b146ae0d2f5465be3bd1a8382579"
"checksum itertools 0.4.16 (registry+https://github.com/rust-lang/crates.io-index)" = "ac6e56e7cfd710efcf4c4f614bd101794845d9fe5f406b87ac5108b9153d033f"
"checksum libc 0.1.10 (registry+https://github.com/rust-lang/crates.io-index)" = "cd70bd1f9f3bfadfdcdf92869faecc795686617d3a9acfe74d0c89a4bb6d142b"
"checksum llvm-sys 0.2.1 (registry+https://github.com/rust-lang/crates.io-index)" = "e5e8322ae48d7a8831627ca58aeb0601f97d7e4119d6c733118c4a3ea2c04e29"
"checksum semver 0.1.20 (registry+https://github.com/rust-lang/crates.io-index)" = "d4f410fedcf71af0345d7607d246e7ad15faaadd49d240ee3b24e5dc21a820ac"
"checksum winapi 0.2.3 (registry+https://github.com/rust-lang/crates.io-index)" = "b4d2fc09e3b1c07b43c4f877efd63681b575e21e014c8b9bcaa85a0991ed8324"
"checksum winapi-build 0.1.1 (registry+https://github.com/rust-lang/crates.io-index)" = "2d315eee3b34aca4797b2da6b13ed88266e6d612562a0c46390af8299fc699bc"
